Microsoft Visual Studio Solution File, Format Version 12.00
# Visual Studio Version 17
VisualStudioVersion = 17.5.2.0
MinimumVisualStudioVersion = 10.0.40219.1
Project("{2150E333-8FDC-42A3-9474-1A3956D46DE8}") = "Seccion1", "Seccion1", "{7DE96FB4-605C-CD08-666A-2C26D82B90AB}"
EndProject
Project("{FAE04EC0-301F-11D3-BF4B-00C04F79EFBC}") = "MiPrimerAplicacion", "Seccion1\MiPrimerAplicacion\MiPrimerAplicacion.csproj", "{0502BC05-A044-CF1A-1A16-E313A02B8D90}"
EndProject
Project("{2150E333-8FDC-42A3-9474-1A3956D46DE8}") = "Seccion2", "Seccion2", "{3A725184-A360-4374-8A5E-DDCA9BCB621F}"
EndProject
Project("{FAE04EC0-301F-11D3-BF4B-00C04F79EFBC}") = "Variables", "Seccion2\Variables\Variables.csproj", "{905887B8-54A5-4289-93FA-D092F91F2A8F}"
EndProject
Project("{2150E333-8FDC-42A3-9474-1A3956D46DE8}") = "Seccion3", "Seccion3", "{C4EAB38D-E2AA-4813-A45A-E626DEEB4201}"
EndProject
Project("{FAE04EC0-301F-11D3-BF4B-00C04F79EFBC}") = "DecisionesYBucles", "Seccion3\DecisionesYBucles\DecisionesYBucles.csproj", "{2AF98216-405B-4FDA-BE16-4E96E8708053}"
EndProject
Project("{2150E333-8FDC-42A3-9474-1A3956D46DE8}") = "Seccion4", "Seccion4", "{89B51249-6337-4387-AAB5-5524FB14CB01}"
EndProject
Project("{FAE04EC0-301F-11D3-BF4B-00C04F79EFBC}") = "MasSobreTiposDeDatos", "Seccion4\MasSobreTiposDeDatos\MasSobreTiposDeDatos.csproj", "{8598C514-80C8-4179-8019-AB7E38A6DBF8}"
EndProject
Project("{2150E333-8FDC-42A3-9474-1A3956D46DE8}") = "Seccion5", "Seccion5", "{213FC4CB-6900-4B30-A966-EA306A5B4D40}"
EndProject
Project("{FAE04EC0-301F-11D3-BF4B-00C04F79EFBC}") = "Funciones", "Seccion5\Funciones\Funciones.csproj", "{CBB1F7DE-8902-4448-B021-6348A3AEE297}"
EndProject
Project("{2150E333-8FDC-42A3-9474-1A3956D46DE8}") = "Seccion6", "Seccion6", "{A08B78DD-10A8-4F1D-BC52-D27D5C812D9E}"
EndProject
Project("{FAE04EC0-301F-11D3-BF4B-00C04F79EFBC}") = "ClasesStructsRecords", "Seccion6\ClasesStructsRecords\ClasesStructsRecords.csproj", "{CD2E84B5-7C3D-436A-B31E-F8A5B3CA9721}"
EndProject
Global
	GlobalSection(SolutionConfigurationPlatforms) = preSolution
		Debug|Any CPU = Debug|Any CPU
		Release|Any CPU = Release|Any CPU
	EndGlobalSection
	GlobalSection(ProjectConfigurationPlatforms) = postSolution
		{0502BC05-A044-CF1A-1A16-E313A02B8D90}.Debug|Any CPU.ActiveCfg = Debug|Any CPU
		{0502BC05-A044-CF1A-1A16-E313A02B8D90}.Debug|Any CPU.Build.0 = Debug|Any CPU
		{0502BC05-A044-CF1A-1A16-E313A02B8D90}.Release|Any CPU.ActiveCfg = Release|Any CPU
		{0502BC05-A044-CF1A-1A16-E313A02B8D90}.Release|Any CPU.Build.0 = Release|Any CPU
		{905887B8-54A5-4289-93FA-D092F91F2A8F}.Debug|Any CPU.ActiveCfg = Debug|Any CPU
		{905887B8-54A5-4289-93FA-D092F91F2A8F}.Debug|Any CPU.Build.0 = Debug|Any CPU
		{905887B8-54A5-4289-93FA-D092F91F2A8F}.Release|Any CPU.ActiveCfg = Release|Any CPU
		{905887B8-54A5-4289-93FA-D092F91F2A8F}.Release|Any CPU.Build.0 = Release|Any CPU
		{2AF98216-405B-4FDA-BE16-4E96E8708053}.Debug|Any CPU.ActiveCfg = Debug|Any CPU
		{2AF98216-405B-4FDA-BE16-4E96E8708053}.Debug|Any CPU.Build.0 = Debug|Any CPU
		{2AF98216-405B-4FDA-BE16-4E96E8708053}.Release|Any CPU.ActiveCfg = Release|Any CPU
		{2AF98216-405B-4FDA-BE16-4E96E8708053}.Release|Any CPU.Build.0 = Release|Any CPU
		{8598C514-80C8-4179-8019-AB7E38A6DBF8}.Debug|Any CPU.ActiveCfg = Debug|Any CPU
		{8598C514-80C8-4179-8019-AB7E38A6DBF8}.Debug|Any CPU.Build.0 = Debug|Any CPU
		{8598C514-80C8-4179-8019-AB7E38A6DBF8}.Release|Any CPU.ActiveCfg = Release|Any CPU
		{8598C514-80C8-4179-8019-AB7E38A6DBF8}.Release|Any CPU.Build.0 = Release|Any CPU
		{CBB1F7DE-8902-4448-B021-6348A3AEE297}.Debug|Any CPU.ActiveCfg = Debug|Any CPU
		{CBB1F7DE-8902-4448-B021-6348A3AEE297}.Debug|Any CPU.Build.0 = Debug|Any CPU
		{CBB1F7DE-8902-4448-B021-6348A3AEE297}.Release|Any CPU.ActiveCfg = Release|Any CPU
		{CBB1F7DE-8902-4448-B021-6348A3AEE297}.Release|Any CPU.Build.0 = Release|Any CPU
		{CD2E84B5-7C3D-436A-B31E-F8A5B3CA9721}.Debug|Any CPU.ActiveCfg = Debug|Any CPU
		{CD2E84B5-7C3D-436A-B31E-F8A5B3CA9721}.Debug|Any CPU.Build.0 = Debug|Any CPU
		{CD2E84B5-7C3D-436A-B31E-F8A5B3CA9721}.Release|Any CPU.ActiveCfg = Release|Any CPU
		{CD2E84B5-7C3D-436A-B31E-F8A5B3CA9721}.Release|Any CPU.Build.0 = Release|Any CPU
	EndGlobalSection
	GlobalSection(SolutionProperties) = preSolution
		HideSolutionNode = FALSE
	EndGlobalSection
	GlobalSection(NestedProjects) = preSolution
		{0502BC05-A044-CF1A-1A16-E313A02B8D90} = {7DE96FB4-605C-CD08-666A-2C26D82B90AB}
		{905887B8-54A5-4289-93FA-D092F91F2A8F} = {3A725184-A360-4374-8A5E-DDCA9BCB621F}
		{2AF98216-405B-4FDA-BE16-4E96E8708053} = {C4EAB38D-E2AA-4813-A45A-E626DEEB4201}
		{8598C514-80C8-4179-8019-AB7E38A6DBF8} = {89B51249-6337-4387-AAB5-5524FB14CB01}
		{CBB1F7DE-8902-4448-B021-6348A3AEE297} = {213FC4CB-6900-4B30-A966-EA306A5B4D40}
		{CD2E84B5-7C3D-436A-B31E-F8A5B3CA9721} = {A08B78DD-10A8-4F1D-BC52-D27D5C812D9E}
	EndGlobalSection
	GlobalSection(ExtensibilityGlobals) = postSolution
		SolutionGuid = {2C978A98-8A66-450D-88F4-0A2B0EFB8B07}
	EndGlobalSection
EndGlobal
